// !$*UTF8*$!
{
	archiveVersion = 1;
	classes = {
	};
	objectVersion = 56;
	objects = {

/* Begin PBXBuildFile section */
		DC09ADA12BDACEAC003CF79C /* DecodJson.swift in Sources */ = {isa = PBXBuildFile; fileRef = DC09ADA02BDACEAC003CF79C /* DecodJson.swift */; };
		DC09ADA42BDAD274003CF79C /* Fonts.swift in Sources */ = {isa = PBXBuildFile; fileRef = DC09ADA32BDAD274003CF79C /* Fonts.swift */; };
		DC09ADAD2BDAD2E2003CF79C /* nunito_bold.ttf in Resources */ = {isa = PBXBuildFile; fileRef = DC09ADA62BDAD2E2003CF79C /* nunito_bold.ttf */; };
		DC09ADAE2BDAD2E2003CF79C /* nunito_semibold.ttf in Resources */ = {isa = PBXBuildFile; fileRef = DC09ADA72BDAD2E2003CF79C /* nunito_semibold.ttf */; };
		DC09ADAF2BDAD2E2003CF79C /* nunito_medium.ttf in Resources */ = {isa = PBXBuildFile; fileRef = DC09ADA82BDAD2E2003CF79C /* nunito_medium.ttf */; };
		DC09ADB02BDAD2E2003CF79C /* nunito_regular.ttf in Resources */ = {isa = PBXBuildFile; fileRef = DC09ADA92BDAD2E2003CF79C /* nunito_regular.ttf */; };
		DC09ADB12BDAD2E2003CF79C /* nunito_light.ttf in Resources */ = {isa = PBXBuildFile; fileRef = DC09ADAA2BDAD2E2003CF79C /* nunito_light.ttf */; };
		DC09ADB22BDAD2E2003CF79C /* nunito_extra_bold.ttf in Resources */ = {isa = PBXBuildFile; fileRef = DC09ADAB2BDAD2E2003CF79C /* nunito_extra_bold.ttf */; };
		DC09ADB32BDAD2E2003CF79C /* nunito_black.ttf in Resources */ = {isa = PBXBuildFile; fileRef = DC09ADAC2BDAD2E2003CF79C /* nunito_black.ttf */; };
		DC09ADB62BDAD3A5003CF79C /* IGithubText.swift in Sources */ = {isa = PBXBuildFile; fileRef = DC09ADB52BDAD3A5003CF79C /* IGithubText.swift */; };
		DC09ADBA2BDADA3C003CF79C /* UserComponent.swift in Sources */ = {isa = PBXBuildFile; fileRef = DC09ADB92BDADA3C003CF79C /* UserComponent.swift */; };
		DC09ADBC2BDADC06003CF79C /* CircularImageView.swift in Sources */ = {isa = PBXBuildFile; fileRef = DC09ADBB2BDADC06003CF79C /* CircularImageView.swift */; };
		DC09ADBF2BDAE286003CF79C /* FollowerComponent.swift in Sources */ = {isa = PBXBuildFile; fileRef = DC09ADBE2BDAE286003CF79C /* FollowerComponent.swift */; };
		DC09ADC12BDAE776003CF79C /* UserProfileView.swift in Sources */ = {isa = PBXBuildFile; fileRef = DC09ADC02BDAE776003CF79C /* UserProfileView.swift */; };
		DC09ADC32BDAE786003CF79C /* FollowersView.swift in Sources */ = {isa = PBXBuildFile; fileRef = DC09ADC22BDAE786003CF79C /* FollowersView.swift */; };
		DC09ADC52BDAE793003CF79C /* FollowingView.swift in Sources */ = {isa = PBXBuildFile; fileRef = DC09ADC42BDAE793003CF79C /* FollowingView.swift */; };
		DC09ADC72BDE6456003CF79C /* RepositoriesViewModel.swift in Sources */ = {isa = PBXBuildFile; fileRef = DC09ADC62BDE6456003CF79C /* RepositoriesViewModel.swift */; };
		DC09ADCC2BDE654B003CF79C /* GetUserRepositoriesRepo.swift in Sources */ = {isa = PBXBuildFile; fileRef = DC09ADCB2BDE654B003CF79C /* GetUserRepositoriesRepo.swift */; };
		DC09ADD42BDE67C5003CF79C /* ApiError.swift in Sources */ = {isa = PBXBuildFile; fileRef = DC09ADD32BDE67C5003CF79C /* ApiError.swift */; };
		DC09ADD82BDE6851003CF79C /* IGithubApi.swift in Sources */ = {isa = PBXBuildFile; fileRef = DC09ADD72BDE6851003CF79C /* IGithubApi.swift */; };
		DC09ADDB2BDE6C11003CF79C /* RepositoriesState.swift in Sources */ = {isa = PBXBuildFile; fileRef = DC09ADDA2BDE6C11003CF79C /* RepositoriesState.swift */; };
		DC09ADDD2BDE6CC2003CF79C /* RepositoriesView.swift in Sources */ = {isa = PBXBuildFile; fileRef = DC09ADDC2BDE6CC2003CF79C /* RepositoriesView.swift */; };
		DCBCFCE82BF51F4A007A9464 /* UserResponse.swift in Sources */ = {isa = PBXBuildFile; fileRef = DCBCFCE72BF51F4A007A9464 /* UserResponse.swift */; };
		DCBCFCEA2BF5224F007A9464 /* GetUserRepo.swift in Sources */ = {isa = PBXBuildFile; fileRef = DCBCFCE92BF5224F007A9464 /* GetUserRepo.swift */; };
		DCBCFCEC2BF5225F007A9464 /* GetFollowersRepo.swift in Sources */ = {isa = PBXBuildFile; fileRef = DCBCFCEB2BF5225F007A9464 /* GetFollowersRepo.swift */; };
		DCBCFCEE2BF5226E007A9464 /* GetFollowingRepo.swift in Sources */ = {isa = PBXBuildFile; fileRef = DCBCFCED2BF5226E007A9464 /* GetFollowingRepo.swift */; };
		DCBCFCF02BF5276A007A9464 /* FollowingState.swift in Sources */ = {isa = PBXBuildFile; fileRef = DCBCFCEF2BF5276A007A9464 /* FollowingState.swift */; };
		DCBCFCF22BF527B9007A9464 /* GetFollowingViewModel.swift in Sources */ = {isa = PBXBuildFile; fileRef = DCBCFCF12BF527B9007A9464 /* GetFollowingViewModel.swift */; };
		DCBCFCF42BF528CE007A9464 /* GetUserViewModel.swift in Sources */ = {isa = PBXBuildFile; fileRef = DCBCFCF32BF528CE007A9464 /* GetUserViewModel.swift */; };
		DCBCFCF62BF528E1007A9464 /* GetFollowersViewModel.swift in Sources */ = {isa = PBXBuildFile; fileRef = DCBCFCF52BF528E1007A9464 /* GetFollowersViewModel.swift */; };
		DCE27EF22BBF0D470065BB50 /* IGithubApp.swift in Sources */ = {isa = PBXBuildFile; fileRef = DCE27EF12BBF0D470065BB50 /* IGithubApp.swift */; };
		DCE27EF62BBF0D490065BB50 /* Assets.xcassets in Resources */ = {isa = PBXBuildFile; fileRef = DCE27EF52BBF0D490065BB50 /* Assets.xcassets */; };
		DCE27EF92BBF0D490065BB50 /* Preview Assets.xcassets in Resources */ = {isa = PBXBuildFile; fileRef = DCE27EF82BBF0D490065BB50 /* Preview Assets.xcassets */; };
		DCE27F032BBF0D490065BB50 /* IGithubTests.swift in Sources */ = {isa = PBXBuildFile; fileRef = DCE27F022BBF0D490065BB50 /* IGithubTests.swift */; };
		DCE27F0D2BBF0D490065BB50 /* IGithubUITests.swift in Sources */ = {isa = PBXBuildFile; fileRef = DCE27F0C2BBF0D490065BB50 /* IGithubUITests.swift */; };
		DCE27F0F2BBF0D490065BB50 /* IGithubUITestsLaunchTests.swift in Sources */ = {isa = PBXBuildFile; fileRef = DCE27F0E2BBF0D490065BB50 /* IGithubUITestsLaunchTests.swift */; };
		DCE27F322BC009DB0065BB50 /* RepositoryComponent.swift in Sources */ = {isa = PBXBuildFile; fileRef = DCE27F312BC009DB0065BB50 /* RepositoryComponent.swift */; };
		DCE27F342BC172ED0065BB50 /* Repository.swift in Sources */ = {isa = PBXBuildFile; fileRef = DCE27F332BC172ED0065BB50 /* Repository.swift */; };
		DCE27F362BC172FE0065BB50 /* Owner.swift in Sources */ = {isa = PBXBuildFile; fileRef = DCE27F352BC172FE0065BB50 /* Owner.swift */; };
		DCE27F382BC173350065BB50 /* License.swift in Sources */ = {isa = PBXBuildFile; fileRef = DCE27F372BC173350065BB50 /* License.swift */; };
/* End PBXBuildFile section */

/* Begin PBXContainerItemProxy section */
		DCE27EFF2BBF0D490065BB50 /* PBXContainerItemProxy */ = {
			isa = PBXContainerItemProxy;
			containerPortal = DCE27EE62BBF0D470065BB50 /* Project object */;
			proxyType = 1;
			remoteGlobalIDString = DCE27EED2BBF0D470065BB50;
			remoteInfo = IGithub;
		};
		DCE27F092BBF0D490065BB50 /* PBXContainerItemProxy */ = {
			isa = PBXContainerItemProxy;
			containerPortal = DCE27EE62BBF0D470065BB50 /* Project object */;
			proxyType = 1;
			remoteGlobalIDString = DCE27EED2BBF0D470065BB50;
			remoteInfo = IGithub;
		};
/* End PBXContainerItemProxy section */

/* Begin PBXFileReference section */
		DC09AD9F2BDACE53003CF79C /* SampleReposResponse.json */ = {isa = PBXFileReference; lastKnownFileType = text.json; path = SampleReposResponse.json; sourceTree = "<group>"; };
		DC09ADA02BDACEAC003CF79C /* DecodJson.swift */ = {isa = PBXFileReference; lastKnownFileType = sourcecode.swift; path = DecodJson.swift; sourceTree = "<group>"; };
		DC09ADA32BDAD274003CF79C /* Fonts.swift */ = {isa = PBXFileReference; lastKnownFileType = sourcecode.swift; path = Fonts.swift; sourceTree = "<group>"; };
		DC09ADA62BDAD2E2003CF79C /* nunito_bold.ttf */ = {isa = PBXFileReference; lastKnownFileType = file; path = nunito_bold.ttf; sourceTree = "<group>"; };
		DC09ADA72BDAD2E2003CF79C /* nunito_semibold.ttf */ = {isa = PBXFileReference; lastKnownFileType = file; path = nunito_semibold.ttf; sourceTree = "<group>"; };
		DC09ADA82BDAD2E2003CF79C /* nunito_medium.ttf */ = {isa = PBXFileReference; lastKnownFileType = file; path = nunito_medium.ttf; sourceTree = "<group>"; };
		DC09ADA92BDAD2E2003CF79C /* nunito_regular.ttf */ = {isa = PBXFileReference; lastKnownFileType = file; path = nunito_regular.ttf; sourceTree = "<group>"; };
		DC09ADAA2BDAD2E2003CF79C /* nunito_light.ttf */ = {isa = PBXFileReference; lastKnownFileType = file; path = nunito_light.ttf; sourceTree = "<group>"; };
		DC09ADAB2BDAD2E2003CF79C /* nunito_extra_bold.ttf */ = {isa = PBXFileReference; lastKnownFileType = file; path = nunito_extra_bold.ttf; sourceTree = "<group>"; };
		DC09ADAC2BDAD2E2003CF79C /* nunito_black.ttf */ = {isa = PBXFileReference; lastKnownFileType = file; path = nunito_black.ttf; sourceTree = "<group>"; };
		DC09ADB52BDAD3A5003CF79C /* IGithubText.swift */ = {isa = PBXFileReference; lastKnownFileType = sourcecode.swift; path = IGithubText.swift; sourceTree = "<group>"; };
		DC09ADB92BDADA3C003CF79C /* UserComponent.swift */ = {isa = PBXFileReference; lastKnownFileType = sourcecode.swift; path = UserComponent.swift; sourceTree = "<group>"; };
		DC09ADBB2BDADC06003CF79C /* CircularImageView.swift */ = {isa = PBXFileReference; lastKnownFileType = sourcecode.swift; path = CircularImageView.swift; sourceTree = "<group>"; };
		DC09ADBE2BDAE286003CF79C /* FollowerComponent.swift */ = {isa = PBXFileReference; lastKnownFileType = sourcecode.swift; path = FollowerComponent.swift; sourceTree = "<group>"; };
		DC09ADC02BDAE776003CF79C /* UserProfileView.swift */ = {isa = PBXFileReference; lastKnownFileType = sourcecode.swift; path = UserProfileView.swift; sourceTree = "<group>"; };
		DC09ADC22BDAE786003CF79C /* FollowersView.swift */ = {isa = PBXFileReference; lastKnownFileType = sourcecode.swift; path = FollowersView.swift; sourceTree = "<group>"; };
		DC09ADC42BDAE793003CF79C /* FollowingView.swift */ = {isa = PBXFileReference; lastKnownFileType = sourcecode.swift; path = FollowingView.swift; sourceTree = "<group>"; };
		DC09ADC62BDE6456003CF79C /* RepositoriesViewModel.swift */ = {isa = PBXFileReference; lastKnownFileType = sourcecode.swift; path = RepositoriesViewModel.swift; sourceTree = "<group>"; };
		DC09ADCB2BDE654B003CF79C /* GetUserRepositoriesRepo.swift */ = {isa = PBXFileReference; lastKnownFileType = sourcecode.swift; path = GetUserRepositoriesRepo.swift; sourceTree = "<group>"; };
		DC09ADD32BDE67C5003CF79C /* ApiError.swift */ = {isa = PBXFileReference; lastKnownFileType = sourcecode.swift; path = ApiError.swift; sourceTree = "<group>"; };
		DC09ADD72BDE6851003CF79C /* IGithubApi.swift */ = {isa = PBXFileReference; lastKnownFileType = sourcecode.swift; path = IGithubApi.swift; sourceTree = "<group>"; };
		DC09ADDA2BDE6C11003CF79C /* RepositoriesState.swift */ = {isa = PBXFileReference; lastKnownFileType = sourcecode.swift; path = RepositoriesState.swift; sourceTree = "<group>"; };
		DC09ADDC2BDE6CC2003CF79C /* RepositoriesView.swift */ = {isa = PBXFileReference; lastKnownFileType = sourcecode.swift; path = RepositoriesView.swift; sourceTree = "<group>"; };
		DC84C7422BD839B000BBDD29 /* Info.plist */ = {isa = PBXFileReference; lastKnownFileType = text.plist; path = Info.plist; sourceTree = "<group>"; };
		DCBCFCE72BF51F4A007A9464 /* UserResponse.swift */ = {isa = PBXFileReference; lastKnownFileType = sourcecode.swift; path = UserResponse.swift; sourceTree = "<group>"; };
		DCBCFCE92BF5224F007A9464 /* GetUserRepo.swift */ = {isa = PBXFileReference; lastKnownFileType = sourcecode.swift; path = GetUserRepo.swift; sourceTree = "<group>"; };
		DCBCFCEB2BF5225F007A9464 /* GetFollowersRepo.swift */ = {isa = PBXFileReference; lastKnownFileType = sourcecode.swift; path = GetFollowersRepo.swift; sourceTree = "<group>"; };
		DCBCFCED2BF5226E007A9464 /* GetFollowingRepo.swift */ = {isa = PBXFileReference; lastKnownFileType = sourcecode.swift; path = GetFollowingRepo.swift; sourceTree = "<group>"; };
		DCBCFCEF2BF5276A007A9464 /* FollowingState.swift */ = {isa = PBXFileReference; lastKnownFileType = sourcecode.swift; path = FollowingState.swift; sourceTree = "<group>"; };
		DCBCFCF12BF527B9007A9464 /* GetFollowingViewModel.swift */ = {isa = PBXFileReference; lastKnownFileType = sourcecode.swift; path = GetFollowingViewModel.swift; sourceTree = "<group>"; };
		DCBCFCF32BF528CE007A9464 /* GetUserViewModel.swift */ = {isa = PBXFileReference; lastKnownFileType = sourcecode.swift; path = GetUserViewModel.swift; sourceTree = "<group>"; };
		DCBCFCF52BF528E1007A9464 /* GetFollowersViewModel.swift */ = {isa = PBXFileReference; lastKnownFileType = sourcecode.swift; path = GetFollowersViewModel.swift; sourceTree = "<group>"; };
		DCE27EEE2BBF0D470065BB50 /* IGithub.app */ = {isa = PBXFileReference; explicitFileType = wrapper.application; includeInIndex = 0; path = IGithub.app; sourceTree = BUILT_PRODUCTS_DIR; };
		DCE27EF12BBF0D470065BB50 /* IGithubApp.swift */ = {isa = PBXFileReference; lastKnownFileType = sourcecode.swift; path = IGithubApp.swift; sourceTree = "<group>"; };
		DCE27EF52BBF0D490065BB50 /* Assets.xcassets */ = {isa = PBXFileReference; lastKnownFileType = folder.assetcatalog; path = Assets.xcassets; sourceTree = "<group>"; };
		DCE27EF82BBF0D490065BB50 /* Preview Assets.xcassets */ = {isa = PBXFileReference; lastKnownFileType = folder.assetcatalog; path = "Preview Assets.xcassets"; sourceTree = "<group>"; };
		DCE27EFE2BBF0D490065BB50 /* IGithubTests.xctest */ = {isa = PBXFileReference; explicitFileType = wrapper.cfbundle; includeInIndex = 0; path = IGithubTests.xctest; sourceTree = BUILT_PRODUCTS_DIR; };
		DCE27F022BBF0D490065BB50 /* IGithubTests.swift */ = {isa = PBXFileReference; lastKnownFileType = sourcecode.swift; path = IGithubTests.swift; sourceTree = "<group>"; };
		DCE27F082BBF0D490065BB50 /* IGithubUITests.xctest */ = {isa = PBXFileReference; explicitFileType = wrapper.cfbundle; includeInIndex = 0; path = IGithubUITests.xctest; sourceTree = BUILT_PRODUCTS_DIR; };
		DCE27F0C2BBF0D490065BB50 /* IGithubUITests.swift */ = {isa = PBXFileReference; lastKnownFileType = sourcecode.swift; path = IGithubUITests.swift; sourceTree = "<group>"; };
		DCE27F0E2BBF0D490065BB50 /* IGithubUITestsLaunchTests.swift */ = {isa = PBXFileReference; lastKnownFileType = sourcecode.swift; path = IGithubUITestsLaunchTests.swift; sourceTree = "<group>"; };
		DCE27F312BC009DB0065BB50 /* RepositoryComponent.swift */ = {isa = PBXFileReference; lastKnownFileType = sourcecode.swift; path = RepositoryComponent.swift; sourceTree = "<group>"; };
		DCE27F332BC172ED0065BB50 /* Repository.swift */ = {isa = PBXFileReference; lastKnownFileType = sourcecode.swift; path = Repository.swift; sourceTree = "<group>"; };
		DCE27F352BC172FE0065BB50 /* Owner.swift */ = {isa = PBXFileReference; lastKnownFileType = sourcecode.swift; path = Owner.swift; sourceTree = "<group>"; };
		DCE27F372BC173350065BB50 /* License.swift */ = {isa = PBXFileReference; lastKnownFileType = sourcecode.swift; path = License.swift; sourceTree = "<group>"; };
/* End PBXFileReference section */

/* Begin PBXFrameworksBuildPhase section */
		DCE27EEB2BBF0D470065BB50 /* Frameworks */ = {
			isa = PBXFrameworksBuildPhase;
			buildActionMask = 2147483647;
			files = (
			);
			runOnlyForDeploymentPostprocessing = 0;
		};
		DCE27EFB2BBF0D490065BB50 /* Frameworks */ = {
			isa = PBXFrameworksBuildPhase;
			buildActionMask = 2147483647;
			files = (
			);
			runOnlyForDeploymentPostprocessing = 0;
		};
		DCE27F052BBF0D490065BB50 /* Frameworks */ = {
			isa = PBXFrameworksBuildPhase;
			buildActionMask = 2147483647;
			files = (
			);
			runOnlyForDeploymentPostprocessing = 0;
		};
/* End PBXFrameworksBuildPhase section */

/* Begin PBXGroup section */
		DC09AD9E2BDACDE9003CF79C /* sample */ = {
			isa = PBXGroup;
			children = (
				DC09AD9F2BDACE53003CF79C /* SampleReposResponse.json */,
			);
			path = sample;
			sourceTree = "<group>";
		};
		DC09ADA22BDAD257003CF79C /* DesignSystem */ = {
			isa = PBXGroup;
			children = (
				DC09ADB42BDAD35A003CF79C /* Components */,
				DC09ADA52BDAD2B6003CF79C /* Fonts */,
				DC09ADA32BDAD274003CF79C /* Fonts.swift */,
			);
			path = DesignSystem;
			sourceTree = "<group>";
		};
		DC09ADA52BDAD2B6003CF79C /* Fonts */ = {
			isa = PBXGroup;
			children = (
				DC09ADAC2BDAD2E2003CF79C /* nunito_black.ttf */,
				DC09ADA62BDAD2E2003CF79C /* nunito_bold.ttf */,
				DC09ADAB2BDAD2E2003CF79C /* nunito_extra_bold.ttf */,
				DC09ADAA2BDAD2E2003CF79C /* nunito_light.ttf */,
				DC09ADA82BDAD2E2003CF79C /* nunito_medium.ttf */,
				DC09ADA92BDAD2E2003CF79C /* nunito_regular.ttf */,
				DC09ADA72BDAD2E2003CF79C /* nunito_semibold.ttf */,
			);
			path = Fonts;
			sourceTree = "<group>";
		};
		DC09ADB42BDAD35A003CF79C /* Components */ = {
			isa = PBXGroup;
			children = (
				DC09ADB52BDAD3A5003CF79C /* IGithubText.swift */,
			);
			path = Components;
			sourceTree = "<group>";
		};
		DC09ADC82BDE6511003CF79C /* Repository */ = {
			isa = PBXGroup;
			children = (
				DC09ADCB2BDE654B003CF79C /* GetUserRepositoriesRepo.swift */,
				DCBCFCE92BF5224F007A9464 /* GetUserRepo.swift */,
				DCBCFCEB2BF5225F007A9464 /* GetFollowersRepo.swift */,
				DCBCFCED2BF5226E007A9464 /* GetFollowingRepo.swift */,
			);
			path = Repository;
			sourceTree = "<group>";
		};
		DC09ADD22BDE67B5003CF79C /* Error */ = {
			isa = PBXGroup;
			children = (
				DC09ADD32BDE67C5003CF79C /* ApiError.swift */,
			);
			path = Error;
			sourceTree = "<group>";
		};
		DC09ADD92BDE6BF6003CF79C /* state */ = {
			isa = PBXGroup;
			children = (
				DC09ADDA2BDE6C11003CF79C /* RepositoriesState.swift */,
				DCBCFCEF2BF5276A007A9464 /* FollowingState.swift */,
			);
			path = state;
			sourceTree = "<group>";
		};
		DCE27EE52BBF0D470065BB50 = {
			isa = PBXGroup;
			children = (
				DCE27EF02BBF0D470065BB50 /* IGithub */,
				DCE27F012BBF0D490065BB50 /* IGithubTests */,
				DCE27F0B2BBF0D490065BB50 /* IGithubUITests */,
				DCE27EEF2BBF0D470065BB50 /* Products */,
			);
			sourceTree = "<group>";
		};
		DCE27EEF2BBF0D470065BB50 /* Products */ = {
			isa = PBXGroup;
			children = (
				DCE27EEE2BBF0D470065BB50 /* IGithub.app */,
				DCE27EFE2BBF0D490065BB50 /* IGithubTests.xctest */,
				DCE27F082BBF0D490065BB50 /* IGithubUITests.xctest */,
			);
			name = Products;
			sourceTree = "<group>";
		};
		DCE27EF02BBF0D470065BB50 /* IGithub */ = {
			isa = PBXGroup;
			children = (
				DC09ADA22BDAD257003CF79C /* DesignSystem */,
				DC84C7422BD839B000BBDD29 /* Info.plist */,
				DCE27F1C2BBF159C0065BB50 /* Network */,
				DCE27F1B2BBF15930065BB50 /* Presentation */,
				DCE27EF12BBF0D470065BB50 /* IGithubApp.swift */,
				DCE27EF52BBF0D490065BB50 /* Assets.xcassets */,
				DCE27EF72BBF0D490065BB50 /* Preview Content */,
			);
			path = IGithub;
			sourceTree = "<group>";
		};
		DCE27EF72BBF0D490065BB50 /* Preview Content */ = {
			isa = PBXGroup;
			children = (
				DCE27EF82BBF0D490065BB50 /* Preview Assets.xcassets */,
			);
			path = "Preview Content";
			sourceTree = "<group>";
		};
		DCE27F012BBF0D490065BB50 /* IGithubTests */ = {
			isa = PBXGroup;
			children = (
				DCE27F022BBF0D490065BB50 /* IGithubTests.swift */,
			);
			path = IGithubTests;
			sourceTree = "<group>";
		};
		DCE27F0B2BBF0D490065BB50 /* IGithubUITests */ = {
			isa = PBXGroup;
			children = (
				DCE27F0C2BBF0D490065BB50 /* IGithubUITests.swift */,
				DCE27F0E2BBF0D490065BB50 /* IGithubUITestsLaunchTests.swift */,
			);
			path = IGithubUITests;
			sourceTree = "<group>";
		};
		DCE27F1B2BBF15930065BB50 /* Presentation */ = {
			isa = PBXGroup;
			children = (
				DC09ADD92BDE6BF6003CF79C /* state */,
				DCE27F302BC009AB0065BB50 /* views */,
				DCE27F2F2BC009A40065BB50 /* viewmodels */,
				DCE27F2D2BC009770065BB50 /* components */,
			);
			path = Presentation;
			sourceTree = "<group>";
		};
		DCE27F1C2BBF159C0065BB50 /* Network */ = {
			isa = PBXGroup;
			children = (
				DC09ADD22BDE67B5003CF79C /* Error */,
				DC09ADC82BDE6511003CF79C /* Repository */,
				DCE27F2A2BBF21480065BB50 /* Response */,
				DCE27F212BBF18BF0065BB50 /* utils */,
				DCE27F1E2BBF160B0065BB50 /* Api */,
			);
			path = Network;
			sourceTree = "<group>";
		};
		DCE27F1E2BBF160B0065BB50 /* Api */ = {
			isa = PBXGroup;
			children = (
				DC09ADD72BDE6851003CF79C /* IGithubApi.swift */,
			);
			path = Api;
			sourceTree = "<group>";
		};
		DCE27F212BBF18BF0065BB50 /* utils */ = {
			isa = PBXGroup;
			children = (
				DC09ADA02BDACEAC003CF79C /* DecodJson.swift */,
			);
			path = utils;
			sourceTree = "<group>";
		};
		DCE27F2A2BBF21480065BB50 /* Response */ = {
			isa = PBXGroup;
			children = (
				DCBCFCE72BF51F4A007A9464 /* UserResponse.swift */,
				DC09AD9E2BDACDE9003CF79C /* sample */,
				DCE27F332BC172ED0065BB50 /* Repository.swift */,
				DCE27F352BC172FE0065BB50 /* Owner.swift */,
				DCE27F372BC173350065BB50 /* License.swift */,
			);
			path = Response;
			sourceTree = "<group>";
		};
		DCE27F2D2BC009770065BB50 /* components */ = {
			isa = PBXGroup;
			children = (
				DCE27F312BC009DB0065BB50 /* RepositoryComponent.swift */,
				DC09ADB92BDADA3C003CF79C /* UserComponent.swift */,
				DC09ADBB2BDADC06003CF79C /* CircularImageView.swift */,
				DC09ADBE2BDAE286003CF79C /* FollowerComponent.swift */,
			);
			path = components;
			sourceTree = "<group>";
		};
		DCE27F2F2BC009A40065BB50 /* viewmodels */ = {
			isa = PBXGroup;
			children = (
				DC09ADC62BDE6456003CF79C /* RepositoriesViewModel.swift */,
				DCBCFCF12BF527B9007A9464 /* GetFollowingViewModel.swift */,
				DCBCFCF32BF528CE007A9464 /* GetUserViewModel.swift */,
				DCBCFCF52BF528E1007A9464 /* GetFollowersViewModel.swift */,
			);
			path = viewmodels;
			sourceTree = "<group>";
		};
		DCE27F302BC009AB0065BB50 /* views */ = {
			isa = PBXGroup;
			children = (
				DC09ADC02BDAE776003CF79C /* UserProfileView.swift */,
				DC09ADC22BDAE786003CF79C /* FollowersView.swift */,
				DC09ADC42BDAE793003CF79C /* FollowingView.swift */,
				DC09ADDC2BDE6CC2003CF79C /* RepositoriesView.swift */,
			);
			path = views;
			sourceTree = "<group>";
		};
/* End PBXGroup section */

/* Begin PBXNativeTarget section */
		DCE27EED2BBF0D470065BB50 /* IGithub */ = {
			isa = PBXNativeTarget;
			buildConfigurationList = DCE27F122BBF0D490065BB50 /* Build configuration list for PBXNativeTarget "IGithub" */;
			buildPhases = (
				DCE27EEA2BBF0D470065BB50 /* Sources */,
				DCE27EEB2BBF0D470065BB50 /* Frameworks */,
				DCE27EEC2BBF0D470065BB50 /* Resources */,
			);
			buildRules = (
			);
			dependencies = (
			);
			name = IGithub;
			productName = IGithub;
			productReference = DCE27EEE2BBF0D470065BB50 /* IGithub.app */;
			productType = "com.apple.product-type.application";
		};
		DCE27EFD2BBF0D490065BB50 /* IGithubTests */ = {
			isa = PBXNativeTarget;
			buildConfigurationList = DCE27F152BBF0D490065BB50 /* Build configuration list for PBXNativeTarget "IGithubTests" */;
			buildPhases = (
				DCE27EFA2BBF0D490065BB50 /* Sources */,
				DCE27EFB2BBF0D490065BB50 /* Frameworks */,
				DCE27EFC2BBF0D490065BB50 /* Resources */,
			);
			buildRules = (
			);
			dependencies = (
				DCE27F002BBF0D490065BB50 /* PBXTargetDependency */,
			);
			name = IGithubTests;
			productName = IGithubTests;
			productReference = DCE27EFE2BBF0D490065BB50 /* IGithubTests.xctest */;
			productType = "com.apple.product-type.bundle.unit-test";
		};
		DCE27F072BBF0D490065BB50 /* IGithubUITests */ = {
			isa = PBXNativeTarget;
			buildConfigurationList = DCE27F182BBF0D490065BB50 /* Build configuration list for PBXNativeTarget "IGithubUITests" */;
			buildPhases = (
				DCE27F042BBF0D490065BB50 /* Sources */,
				DCE27F052BBF0D490065BB50 /* Frameworks */,
				DCE27F062BBF0D490065BB50 /* Resources */,
			);
			buildRules = (
			);
			dependencies = (
				DCE27F0A2BBF0D490065BB50 /* PBXTargetDependency */,
			);
			name = IGithubUITests;
			productName = IGithubUITests;
			productReference = DCE27F082BBF0D490065BB50 /* IGithubUITests.xctest */;
			productType = "com.apple.product-type.bundle.ui-testing";
		};
/* End PBXNativeTarget section */

/* Begin PBXProject section */
		DCE27EE62BBF0D470065BB50 /* Project object */ = {
			isa = PBXProject;
			attributes = {
				BuildIndependentTargetsInParallel = 1;
				LastSwiftUpdateCheck = 1530;
				LastUpgradeCheck = 1530;
				TargetAttributes = {
					DCE27EED2BBF0D470065BB50 = {
						CreatedOnToolsVersion = 15.3;
					};
					DCE27EFD2BBF0D490065BB50 = {
						CreatedOnToolsVersion = 15.3;
						TestTargetID = DCE27EED2BBF0D470065BB50;
					};
					DCE27F072BBF0D490065BB50 = {
						CreatedOnToolsVersion = 15.3;
						TestTargetID = DCE27EED2BBF0D470065BB50;
					};
				};
			};
			buildConfigurationList = DCE27EE92BBF0D470065BB50 /* Build configuration list for PBXProject "IGithub" */;
			compatibilityVersion = "Xcode 14.0";
			developmentRegion = en;
			hasScannedForEncodings = 0;
			knownRegions = (
				en,
				Base,
			);
			mainGroup = DCE27EE52BBF0D470065BB50;
			productRefGroup = DCE27EEF2BBF0D470065BB50 /* Products */;
			projectDirPath = "";
			projectRoot = "";
			targets = (
				DCE27EED2BBF0D470065BB50 /* IGithub */,
				DCE27EFD2BBF0D490065BB50 /* IGithubTests */,
				DCE27F072BBF0D490065BB50 /* IGithubUITests */,
			);
		};
/* End PBXProject section */

/* Begin PBXResourcesBuildPhase section */
		DCE27EEC2BBF0D470065BB50 /* Resources */ = {
			isa = PBXResourcesBuildPhase;
			buildActionMask = 2147483647;
			files = (
				DCE27EF92BBF0D490065BB50 /* Preview Assets.xcassets in Resources */,
				DC09ADB22BDAD2E2003CF79C /* nunito_extra_bold.ttf in Resources */,
				DC09ADB12BDAD2E2003CF79C /* nunito_light.ttf in Resources */,
				DC09ADAD2BDAD2E2003CF79C /* nunito_bold.ttf in Resources */,
				DC09ADB32BDAD2E2003CF79C /* nunito_black.ttf in Resources */,
				DC09ADAE2BDAD2E2003CF79C /* nunito_semibold.ttf in Resources */,
				DC09ADAF2BDAD2E2003CF79C /* nunito_medium.ttf in Resources */,
				DC09ADB02BDAD2E2003CF79C /* nunito_regular.ttf in Resources */,
				DCE27EF62BBF0D490065BB50 /* Assets.xcassets in Resources */,
			);
			runOnlyForDeploymentPostprocessing = 0;
		};
		DCE27EFC2BBF0D490065BB50 /* Resources */ = {
			isa = PBXResourcesBuildPhase;
			buildActionMask = 2147483647;
			files = (
			);
			runOnlyForDeploymentPostprocessing = 0;
		};
		DCE27F062BBF0D490065BB50 /* Resources */ = {
			isa = PBXResourcesBuildPhase;
			buildActionMask = 2147483647;
			files = (
			);
			runOnlyForDeploymentPostprocessing = 0;
		};
/* End PBXResourcesBuildPhase section */

/* Begin PBXSourcesBuildPhase section */
		DCE27EEA2BBF0D470065BB50 /* Sources */ = {
			isa = PBXSourcesBuildPhase;
			buildActionMask = 2147483647;
			files = (
				DC09ADA42BDAD274003CF79C /* Fonts.swift in Sources */,
				DCBCFCF02BF5276A007A9464 /* FollowingState.swift in Sources */,
				DC09ADC12BDAE776003CF79C /* UserProfileView.swift in Sources */,
				DCE27F362BC172FE0065BB50 /* Owner.swift in Sources */,
				DC09ADD42BDE67C5003CF79C /* ApiError.swift in Sources */,
				DC09ADB62BDAD3A5003CF79C /* IGithubText.swift in Sources */,
				DCBCFCE82BF51F4A007A9464 /* UserResponse.swift in Sources */,
				DCBCFCF62BF528E1007A9464 /* GetFollowersViewModel.swift in Sources */,
				DCE27EF22BBF0D470065BB50 /* IGithubApp.swift in Sources */,
				DC09ADC52BDAE793003CF79C /* FollowingView.swift in Sources */,
				DCBCFCF42BF528CE007A9464 /* GetUserViewModel.swift in Sources */,
				DC09ADBC2BDADC06003CF79C /* CircularImageView.swift in Sources */,
				DC09ADDD2BDE6CC2003CF79C /* RepositoriesView.swift in Sources */,
				DCBCFCEE2BF5226E007A9464 /* GetFollowingRepo.swift in Sources */,
				DC09ADDB2BDE6C11003CF79C /* RepositoriesState.swift in Sources */,
				DC09ADC72BDE6456003CF79C /* RepositoriesViewModel.swift in Sources */,
				DCE27F322BC009DB0065BB50 /* RepositoryComponent.swift in Sources */,
				DCBCFCEC2BF5225F007A9464 /* GetFollowersRepo.swift in Sources */,
				DCBCFCF22BF527B9007A9464 /* GetFollowingViewModel.swift in Sources */,
				DCBCFCEA2BF5224F007A9464 /* GetUserRepo.swift in Sources */,
				DC09ADC32BDAE786003CF79C /* FollowersView.swift in Sources */,
				DCE27F382BC173350065BB50 /* License.swift in Sources */,
				DCE27F342BC172ED0065BB50 /* Repository.swift in Sources */,
				DC09ADD82BDE6851003CF79C /* IGithubApi.swift in Sources */,
				DC09ADA12BDACEAC003CF79C /* DecodJson.swift in Sources */,
				DC09ADCC2BDE654B003CF79C /* GetUserRepositoriesRepo.swift in Sources */,
				DC09ADBA2BDADA3C003CF79C /* UserComponent.swift in Sources */,
				DC09ADBF2BDAE286003CF79C /* FollowerComponent.swift in Sources */,
			);
			runOnlyForDeploymentPostprocessing = 0;
		};
		DCE27EFA2BBF0D490065BB50 /* Sources */ = {
			isa = PBXSourcesBuildPhase;
			buildActionMask = 2147483647;
			files = (
				DCE27F032BBF0D490065BB50 /* IGithubTests.swift in Sources */,
			);
			runOnlyForDeploymentPostprocessing = 0;
		};
		DCE27F042BBF0D490065BB50 /* Sources */ = {
			isa = PBXSourcesBuildPhase;
			buildActionMask = 2147483647;
			files = (
				DCE27F0D2BBF0D490065BB50 /* IGithubUITests.swift in Sources */,
				DCE27F0F2BBF0D490065BB50 /* IGithubUITestsLaunchTests.swift in Sources */,
			);
			runOnlyForDeploymentPostprocessing = 0;
		};
/* End PBXSourcesBuildPhase section */

/* Begin PBXTargetDependency section */
		DCE27F002BBF0D490065BB50 /* PBXTargetDependency */ = {
			isa = PBXTargetDependency;
			target = DCE27EED2BBF0D470065BB50 /* IGithub */;
			targetProxy = DCE27EFF2BBF0D490065BB50 /* PBXContainerItemProxy */;
		};
		DCE27F0A2BBF0D490065BB50 /* PBXTargetDependency */ = {
			isa = PBXTargetDependency;
			target = DCE27EED2BBF0D470065BB50 /* IGithub */;
			targetProxy = DCE27F092BBF0D490065BB50 /* PBXContainerItemProxy */;
		};
/* End PBXTargetDependency section */

/* Begin XCBuildConfiguration section */
		DCE27F102BBF0D490065BB50 /* Debug */ = {
			isa = XCBuildConfiguration;
			buildSettings = {
				ALWAYS_SEARCH_USER_PATHS = NO;
				ASSETCATALOG_COMPILER_GENERATE_SWIFT_ASSET_SYMBOL_EXTENSIONS = YES;
				CLANG_ANALYZER_NONNULL = YES;
				CLANG_ANALYZER_NUMBER_OBJECT_CONVERSION = YES_AGGRESSIVE;
				CLANG_CXX_LANGUAGE_STANDARD = "gnu++20";
				CLANG_ENABLE_MODULES = YES;
				CLANG_ENABLE_OBJC_ARC = YES;
				CLANG_ENABLE_OBJC_WEAK = YES;
				CLANG_WARN_BLOCK_CAPTURE_AUTORELEASING = YES;
				CLANG_WARN_BOOL_CONVERSION = YES;
				CLANG_WARN_COMMA = YES;
				CLANG_WARN_CONSTANT_CONVERSION = YES;
				CLANG_WARN_DEPRECATED_OBJC_IMPLEMENTATIONS = YES;
				CLANG_WARN_DIRECT_OBJC_ISA_USAGE = YES_ERROR;
				CLANG_WARN_DOCUMENTATION_COMMENTS = YES;
				CLANG_WARN_EMPTY_BODY = YES;
				CLANG_WARN_ENUM_CONVERSION = YES;
				CLANG_WARN_INFINITE_RECURSION = YES;
				CLANG_WARN_INT_CONVERSION = YES;
				CLANG_WARN_NON_LITERAL_NULL_CONVERSION = YES;
				CLANG_WARN_OBJC_IMPLICIT_RETAIN_SELF = YES;
				CLANG_WARN_OBJC_LITERAL_CONVERSION = YES;
				CLANG_WARN_OBJC_ROOT_CLASS = YES_ERROR;
				CLANG_WARN_QUOTED_INCLUDE_IN_FRAMEWORK_HEADER = YES;
				CLANG_WARN_RANGE_LOOP_ANALYSIS = YES;
				CLANG_WARN_STRICT_PROTOTYPES = YES;
				CLANG_WARN_SUSPICIOUS_MOVE = YES;
				CLANG_WARN_UNGUARDED_AVAILABILITY = YES_AGGRESSIVE;
				CLANG_WARN_UNREACHABLE_CODE = YES;
				CLANG_WARN__DUPLICATE_METHOD_MATCH = YES;
				COPY_PHASE_STRIP = NO;
				DEBUG_INFORMATION_FORMAT = dwarf;
				ENABLE_STRICT_OBJC_MSGSEND = YES;
				ENABLE_TESTABILITY = YES;
				ENABLE_USER_SCRIPT_SANDBOXING = YES;
				GCC_C_LANGUAGE_STANDARD = gnu17;
				GCC_DYNAMIC_NO_PIC = NO;
				GCC_NO_COMMON_BLOCKS = YES;
				GCC_OPTIMIZATION_LEVEL = 0;
				GCC_PREPROCESSOR_DEFINITIONS = (
					"DEBUG=1",
					"$(inherited)",
				);
				GCC_WARN_64_TO_32_BIT_CONVERSION = YES;
				GCC_WARN_ABOUT_RETURN_TYPE = YES_ERROR;
				GCC_WARN_UNDECLARED_SELECTOR = YES;
				GCC_WARN_UNINITIALIZED_AUTOS = YES_AGGRESSIVE;
				GCC_WARN_UNUSED_FUNCTION = YES;
				GCC_WARN_UNUSED_VARIABLE = YES;
				IPHONEOS_DEPLOYMENT_TARGET = 17.4;
				LOCALIZATION_PREFERS_STRING_CATALOGS = YES;
				MTL_ENABLE_DEBUG_INFO = INCLUDE_SOURCE;
				MTL_FAST_MATH = YES;
				ONLY_ACTIVE_ARCH = YES;
				SDKROOT = iphoneos;
				SWIFT_ACTIVE_COMPILATION_CONDITIONS = "DEBUG $(inherited)";
				SWIFT_OPTIMIZATION_LEVEL = "-Onone";
			};
			name = Debug;
		};
		DCE27F112BBF0D490065BB50 /* Release */ = {
			isa = XCBuildConfiguration;
			buildSettings = {
				ALWAYS_SEARCH_USER_PATHS = NO;
				ASSETCATALOG_COMPILER_GENERATE_SWIFT_ASSET_SYMBOL_EXTENSIONS = YES;
				CLANG_ANALYZER_NONNULL = YES;
				CLANG_ANALYZER_NUMBER_OBJECT_CONVERSION = YES_AGGRESSIVE;
				CLANG_CXX_LANGUAGE_STANDARD = "gnu++20";
				CLANG_ENABLE_MODULES = YES;
				CLANG_ENABLE_OBJC_ARC = YES;
				CLANG_ENABLE_OBJC_WEAK = YES;
				CLANG_WARN_BLOCK_CAPTURE_AUTORELEASING = YES;
				CLANG_WARN_BOOL_CONVERSION = YES;
				CLANG_WARN_COMMA = YES;
				CLANG_WARN_CONSTANT_CONVERSION = YES;
				CLANG_WARN_DEPRECATED_OBJC_IMPLEMENTATIONS = YES;
				CLANG_WARN_DIRECT_OBJC_ISA_USAGE = YES_ERROR;
				CLANG_WARN_DOCUMENTATION_COMMENTS = YES;
				CLANG_WARN_EMPTY_BODY = YES;
				CLANG_WARN_ENUM_CONVERSION = YES;
				CLANG_WARN_INFINITE_RECURSION = YES;
				CLANG_WARN_INT_CONVERSION = YES;
				CLANG_WARN_NON_LITERAL_NULL_CONVERSION = YES;
				CLANG_WARN_OBJC_IMPLICIT_RETAIN_SELF = YES;
				CLANG_WARN_OBJC_LITERAL_CONVERSION = YES;
				CLANG_WARN_OBJC_ROOT_CLASS = YES_ERROR;
				CLANG_WARN_QUOTED_INCLUDE_IN_FRAMEWORK_HEADER = YES;
				CLANG_WARN_RANGE_LOOP_ANALYSIS = YES;
				CLANG_WARN_STRICT_PROTOTYPES = YES;
				CLANG_WARN_SUSPICIOUS_MOVE = YES;
				CLANG_WARN_UNGUARDED_AVAILABILITY = YES_AGGRESSIVE;
				CLANG_WARN_UNREACHABLE_CODE = YES;
				CLANG_WARN__DUPLICATE_METHOD_MATCH = YES;
				COPY_PHASE_STRIP = NO;
				DEBUG_INFORMATION_FORMAT = "dwarf-with-dsym";
				ENABLE_NS_ASSERTIONS = NO;
				ENABLE_STRICT_OBJC_MSGSEND = YES;
				ENABLE_USER_SCRIPT_SANDBOXING = YES;
				GCC_C_LANGUAGE_STANDARD = gnu17;
				GCC_NO_COMMON_BLOCKS = YES;
				GCC_WARN_64_TO_32_BIT_CONVERSION = YES;
				GCC_WARN_ABOUT_RETURN_TYPE = YES_ERROR;
				GCC_WARN_UNDECLARED_SELECTOR = YES;
				GCC_WARN_UNINITIALIZED_AUTOS = YES_AGGRESSIVE;
				GCC_WARN_UNUSED_FUNCTION = YES;
				GCC_WARN_UNUSED_VARIABLE = YES;
				IPHONEOS_DEPLOYMENT_TARGET = 17.4;
				LOCALIZATION_PREFERS_STRING_CATALOGS = YES;
				MTL_ENABLE_DEBUG_INFO = NO;
				MTL_FAST_MATH = YES;
				SDKROOT = iphoneos;
				SWIFT_COMPILATION_MODE = wholemodule;
				VALIDATE_PRODUCT = YES;
			};
			name = Release;
		};
		DCE27F132BBF0D490065BB50 /* Debug */ = {
			isa = XCBuildConfiguration;
			buildSettings = {
				ASSETCATALOG_COMPILER_APPICON_NAME = AppIcon;
				ASSETCATALOG_COMPILER_GLOBAL_ACCENT_COLOR_NAME = AccentColor;
				CODE_SIGN_STYLE = Automatic;
				CURRENT_PROJECT_VERSION = 1;
				DEVELOPMENT_ASSET_PATHS = "\"IGithub/Preview Content\"";
				DEVELOPMENT_TEAM = 58TK88D4SZ;
				ENABLE_PREVIEWS = YES;
				GENERATE_INFOPLIST_FILE = YES;
				INFOPLIST_FILE = IGithub/Info.plist;
				INFOPLIST_KEY_UIApplicationSceneManifest_Generation = YES;
				INFOPLIST_KEY_UIApplicationSupportsIndirectInputEvents = YES;
				INFOPLIST_KEY_UILaunchScreen_Generation = YES;
				INFOPLIST_KEY_UISupportedInterfaceOrientations_iPad = "UIInterfaceOrientationPortrait UIInterfaceOrientationPortraitUpsideDown UIInterfaceOrientationLandscapeLeft UIInterfaceOrientationLandscapeRight";
				INFOPLIST_KEY_UISupportedInterfaceOrientations_iPhone = "UIInterfaceOrientationPortrait UIInterfaceOrientationLandscapeLeft UIInterfaceOrientationLandscapeRight";
				LD_RUNPATH_SEARCH_PATHS = (
					"$(inherited)",
					"@executable_path/Frameworks",
				);
				MARKETING_VERSION = 1.0;
				PRODUCT_BUNDLE_IDENTIFIER = com.flexcode.IGithub;
				PRODUCT_NAME = "$(TARGET_NAME)";
				SWIFT_EMIT_LOC_STRINGS = YES;
				SWIFT_VERSION = 5.0;
				TARGETED_DEVICE_FAMILY = "1,2";
			};
			name = Debug;
		};
		DCE27F142BBF0D490065BB50 /* Release */ = {
			isa = XCBuildConfiguration;
			buildSettings = {
				ASSETCATALOG_COMPILER_APPICON_NAME = AppIcon;
				ASSETCATALOG_COMPILER_GLOBAL_ACCENT_COLOR_NAME = AccentColor;
				CODE_SIGN_STYLE = Automatic;
				CURRENT_PROJECT_VERSION = 1;
				DEVELOPMENT_ASSET_PATHS = "\"IGithub/Preview Content\"";
				DEVELOPMENT_TEAM = 58TK88D4SZ;
				ENABLE_PREVIEWS = YES;
				GENERATE_INFOPLIST_FILE = YES;
				INFOPLIST_FILE = IGithub/Info.plist;
				INFOPLIST_KEY_UIApplicationSceneManifest_Generation = YES;
				INFOPLIST_KEY_UIApplicationSupportsIndirectInputEvents = YES;
				INFOPLIST_KEY_UILaunchScreen_Generation = YES;
				INFOPLIST_KEY_UISupportedInterfaceOrientations_iPad = "UIInterfaceOrientationPortrait UIInterfaceOrientationPortraitUpsideDown UIInterfaceOrientationLandscapeLeft UIInterfaceOrientationLandscapeRight";
				INFOPLIST_KEY_UISupportedInterfaceOrientations_iPhone = "UIInterfaceOrientationPortrait UIInterfaceOrientationLandscapeLeft UIInterfaceOrientationLandscapeRight";
				LD_RUNPATH_SEARCH_PATHS = (
					"$(inherited)",
					"@executable_path/Frameworks",
				);
				MARKETING_VERSION = 1.0;
				PRODUCT_BUNDLE_IDENTIFIER = com.flexcode.IGithub;
				PRODUCT_NAME = "$(TARGET_NAME)";
				SWIFT_EMIT_LOC_STRINGS = YES;
				SWIFT_VERSION = 5.0;
				TARGETED_DEVICE_FAMILY = "1,2";
			};
			name = Release;
		};
		DCE27F162BBF0D490065BB50 /* Debug */ = {
			isa = XCBuildConfiguration;
			buildSettings = {
				ALWAYS_EMBED_SWIFT_STANDARD_LIBRARIES = YES;
				BUNDLE_LOADER = "$(TEST_HOST)";
				CODE_SIGN_STYLE = Automatic;
				CURRENT_PROJECT_VERSION = 1;
				DEVELOPMENT_TEAM = 58TK88D4SZ;
				GENERATE_INFOPLIST_FILE = YES;
				IPHONEOS_DEPLOYMENT_TARGET = 17.4;
				MARKETING_VERSION = 1.0;
				PRODUCT_BUNDLE_IDENTIFIER = com.flexcode.IGithubTests;
				PRODUCT_NAME = "$(TARGET_NAME)";
				SWIFT_EMIT_LOC_STRINGS = NO;
				SWIFT_VERSION = 5.0;
				TARGETED_DEVICE_FAMILY = "1,2";
				TEST_HOST = "$(BUILT_PRODUCTS_DIR)/IGithub.app/$(BUNDLE_EXECUTABLE_FOLDER_PATH)/IGithub";
			};
			name = Debug;
		};
		DCE27F172BBF0D490065BB50 /* Release */ = {
			isa = XCBuildConfiguration;
			buildSettings = {
				ALWAYS_EMBED_SWIFT_STANDARD_LIBRARIES = YES;
				BUNDLE_LOADER = "$(TEST_HOST)";
				CODE_SIGN_STYLE = Automatic;
				CURRENT_PROJECT_VERSION = 1;
				DEVELOPMENT_TEAM = 58TK88D4SZ;
				GENERATE_INFOPLIST_FILE = YES;
				IPHONEOS_DEPLOYMENT_TARGET = 17.4;
				MARKETING_VERSION = 1.0;
				PRODUCT_BUNDLE_IDENTIFIER = com.flexcode.IGithubTests;
				PRODUCT_NAME = "$(TARGET_NAME)";
				SWIFT_EMIT_LOC_STRINGS = NO;
				SWIFT_VERSION = 5.0;
				TARGETED_DEVICE_FAMILY = "1,2";
				TEST_HOST = "$(BUILT_PRODUCTS_DIR)/IGithub.app/$(BUNDLE_EXECUTABLE_FOLDER_PATH)/IGithub";
			};
			name = Release;
		};
		DCE27F192BBF0D490065BB50 /* Debug */ = {
			isa = XCBuildConfiguration;
			buildSettings = {
				ALWAYS_EMBED_SWIFT_STANDARD_LIBRARIES = YES;
				CODE_SIGN_STYLE = Automatic;
				CURRENT_PROJECT_VERSION = 1;
				DEVELOPMENT_TEAM = 58TK88D4SZ;
				GENERATE_INFOPLIST_FILE = YES;
				MARKETING_VERSION = 1.0;
				PRODUCT_BUNDLE_IDENTIFIER = com.flexcode.IGithubUITests;
				PRODUCT_NAME = "$(TARGET_NAME)";
				SWIFT_EMIT_LOC_STRINGS = NO;
				SWIFT_VERSION = 5.0;
				TARGETED_DEVICE_FAMILY = "1,2";
				TEST_TARGET_NAME = IGithub;
			};
			name = Debug;
		};
		DCE27F1A2BBF0D490065BB50 /* Release */ = {
			isa = XCBuildConfiguration;
			buildSettings = {
				ALWAYS_EMBED_SWIFT_STANDARD_LIBRARIES = YES;
				CODE_SIGN_STYLE = Automatic;
				CURRENT_PROJECT_VERSION = 1;
				DEVELOPMENT_TEAM = 58TK88D4SZ;
				GENERATE_INFOPLIST_FILE = YES;
				MARKETING_VERSION = 1.0;
				PRODUCT_BUNDLE_IDENTIFIER = com.flexcode.IGithubUITests;
				PRODUCT_NAME = "$(TARGET_NAME)";
				SWIFT_EMIT_LOC_STRINGS = NO;
				SWIFT_VERSION = 5.0;
				TARGETED_DEVICE_FAMILY = "1,2";
				TEST_TARGET_NAME = IGithub;
			};
			name = Release;
		};
/* End XCBuildConfiguration section */

/* Begin XCConfigurationList section */
		DCE27EE92BBF0D470065BB50 /* Build configuration list for PBXProject "IGithub" */ = {
			isa = XCConfigurationList;
			buildConfigurations = (
				DCE27F102BBF0D490065BB50 /* Debug */,
				DCE27F112BBF0D490065BB50 /* Release */,
			);
			defaultConfigurationIsVisible = 0;
			defaultConfigurationName = Release;
		};
		DCE27F122BBF0D490065BB50 /* Build configuration list for PBXNativeTarget "IGithub" */ = {
			isa = XCConfigurationList;
			buildConfigurations = (
				DCE27F132BBF0D490065BB50 /* Debug */,
				DCE27F142BBF0D490065BB50 /* Release */,
			);
			defaultConfigurationIsVisible = 0;
			defaultConfigurationName = Release;
		};
		DCE27F152BBF0D490065BB50 /* Build configuration list for PBXNativeTarget "IGithubTests" */ = {
			isa = XCConfigurationList;
			buildConfigurations = (
				DCE27F162BBF0D490065BB50 /* Debug */,
				DCE27F172BBF0D490065BB50 /* Release */,
			);
			defaultConfigurationIsVisible = 0;
			defaultConfigurationName = Release;
		};
		DCE27F182BBF0D490065BB50 /* Build configuration list for PBXNativeTarget "IGithubUITests" */ = {
			isa = XCConfigurationList;
			buildConfigurations = (
				DCE27F192BBF0D490065BB50 /* Debug */,
				DCE27F1A2BBF0D490065BB50 /* Release */,
			);
			defaultConfigurationIsVisible = 0;
			defaultConfigurationName = Release;
		};
/* End XCConfigurationList section */
	};
	rootObject = DCE27EE62BBF0D470065BB50 /* Project object */;
}
